
Microsoft Visual Studio Solution File, Format Version 12.00
# Visual Studio Version 17
VisualStudioVersion = 17.5.33424.131
MinimumVisualStudioVersion = 10.0.40219.1
Project("{FAE04EC0-301F-11D3-BF4B-00C04F79EFBC}") = "Calculator", "Calculator\Calculator.csproj", "{1EC225AD-CF3A-4D68-A83F-F40A433BD032}"
EndProject
Project("{FAE04EC0-301F-11D3-BF4B-00C04F79EFBC}") = "StringWork", "StringWork\StringWork.csproj", "{56CEADE5-5DBC-4C74-8AD8-9CD7CD1839C6}"
EndProject
Global
	GlobalSection(SolutionConfigurationPlatforms) = preSolution
		Debug|Any CPU = Debug|Any CPU
		Release|Any CPU = Release|Any CPU
	EndGlobalSection
	GlobalSection(ProjectConfigurationPlatforms) = postSolution
		{1EC225AD-CF3A-4D68-A83F-F40A433BD032}.Debug|Any CPU.ActiveCfg = Debug|Any CPU
		{1EC225AD-CF3A-4D68-A83F-F40A433BD032}.Debug|Any CPU.Build.0 = Debug|Any CPU
		{1EC225AD-CF3A-4D68-A83F-F40A433BD032}.Release|Any CPU.ActiveCfg = Release|Any CPU
		{1EC225AD-CF3A-4D68-A83F-F40A433BD032}.Release|Any CPU.Build.0 = Release|Any CPU
		{56CEADE5-5DBC-4C74-8AD8-9CD7CD1839C6}.Debug|Any CPU.ActiveCfg = Debug|Any CPU
		{56CEADE5-5DBC-4C74-8AD8-9CD7CD1839C6}.Debug|Any CPU.Build.0 = Debug|Any CPU
		{56CEADE5-5DBC-4C74-8AD8-9CD7CD1839C6}.Release|Any CPU.ActiveCfg = Release|Any CPU
		{56CEADE5-5DBC-4C74-8AD8-9CD7CD1839C6}.Release|Any CPU.Build.0 = Release|Any CPU
	EndGlobalSection
	GlobalSection(SolutionProperties) = preSolution
		HideSolutionNode = FALSE
	EndGlobalSection
	GlobalSection(ExtensibilityGlobals) = postSolution
		SolutionGuid = {16B7C201-AC74-482F-9ED8-3B7CD9B50042}
	EndGlobalSection
EndGlobal
